
Microsoft Visual Studio Solution File, Format Version 12.00
# Visual Studio 15
VisualStudioVersion = 15.0.27004.2006
MinimumVisualStudioVersion = 10.0.40219.1
Project("{9A19103F-16F7-4668-BE54-9A1E7A4F7556}") = "LetkaBike.API", "LetkaBike.API\LetkaBike.API.csproj", "{CE30B700-1923-4DFD-88FE-6F3D817429B6}"
	ProjectSection(ProjectDependencies) = postProject
		{6DACD832-1641-447D-8233-B1FC45F796A2} = {6DACD832-1641-447D-8233-B1FC45F796A2}
	EndProjectSection
EndProject
Project("{9A19103F-16F7-4668-BE54-9A1E7A4F7556}") = "LetkaBike.Core", "LetkaBike.Core\LetkaBike.Core.csproj", "{6DACD832-1641-447D-8233-B1FC45F796A2}"
EndProject
Project("{2150E333-8FDC-42A3-9474-1A3956D46DE8}") = "Tests", "Tests", "{530283D1-5151-41AC-8C43-17EC266CFFB5}"
EndProject
Project("{9A19103F-16F7-4668-BE54-9A1E7A4F7556}") = "LetkaBike.Tests", "LetkaBike.Tests\LetkaBike.Tests.csproj", "{22D79692-2BA8-4137-9472-86799AA4DA2E}"
EndProject
Global
	GlobalSection(SolutionConfigurationPlatforms) = preSolution
		Debug|Any CPU = Debug|Any CPU
		Release|Any CPU = Release|Any CPU
	EndGlobalSection
	GlobalSection(ProjectConfigurationPlatforms) = postSolution
		{CE30B700-1923-4DFD-88FE-6F3D817429B6}.Debug|Any CPU.ActiveCfg = Debug|Any CPU
		{CE30B700-1923-4DFD-88FE-6F3D817429B6}.Debug|Any CPU.Build.0 = Debug|Any CPU
		{CE30B700-1923-4DFD-88FE-6F3D817429B6}.Release|Any CPU.ActiveCfg = Release|Any CPU
		{CE30B700-1923-4DFD-88FE-6F3D817429B6}.Release|Any CPU.Build.0 = Release|Any CPU
		{6DACD832-1641-447D-8233-B1FC45F796A2}.Debug|Any CPU.ActiveCfg = Debug|Any CPU
		{6DACD832-1641-447D-8233-B1FC45F796A2}.Debug|Any CPU.Build.0 = Debug|Any CPU
		{6DACD832-1641-447D-8233-B1FC45F796A2}.Release|Any CPU.ActiveCfg = Release|Any CPU
		{6DACD832-1641-447D-8233-B1FC45F796A2}.Release|Any CPU.Build.0 = Release|Any CPU
		{22D79692-2BA8-4137-9472-86799AA4DA2E}.Debug|Any CPU.ActiveCfg = Debug|Any CPU
		{22D79692-2BA8-4137-9472-86799AA4DA2E}.Debug|Any CPU.Build.0 = Debug|Any CPU
		{22D79692-2BA8-4137-9472-86799AA4DA2E}.Release|Any CPU.ActiveCfg = Release|Any CPU
		{22D79692-2BA8-4137-9472-86799AA4DA2E}.Release|Any CPU.Build.0 = Release|Any CPU
	EndGlobalSection
	GlobalSection(SolutionProperties) = preSolution
		HideSolutionNode = FALSE
	EndGlobalSection
	GlobalSection(NestedProjects) = preSolution
		{22D79692-2BA8-4137-9472-86799AA4DA2E} = {530283D1-5151-41AC-8C43-17EC266CFFB5}
	EndGlobalSection
	GlobalSection(ExtensibilityGlobals) = postSolution
		SolutionGuid = {06E7CC1D-9406-434F-AD91-C622833705BB}
	EndGlobalSection
EndGlobal
